
Microsoft Visual Studio Solution File, Format Version 12.00
# Visual Studio Version 16
VisualStudioVersion = 16.0.30804.86
MinimumVisualStudioVersion = 10.0.40219.1
Project("{FAE04EC0-301F-11D3-BF4B-00C04F79EFBC}") = "Qly_luong", "Qly_luong.csproj", "{91E7EB6F-58FF-4A73-A2F6-3DAD9E43CBC0}"
EndProject
Global
	GlobalSection(SolutionConfigurationPlatforms) = preSolution
		Debug|Any CPU = Debug|Any CPU
		Release|Any CPU = Release|Any CPU
	EndGlobalSection
	GlobalSection(ProjectConfigurationPlatforms) = postSolution
		{91E7EB6F-58FF-4A73-A2F6-3DAD9E43CBC0}.Debug|Any CPU.ActiveCfg = Debug|Any CPU
		{91E7EB6F-58FF-4A73-A2F6-3DAD9E43CBC0}.Debug|Any CPU.Build.0 = Debug|Any CPU
		{91E7EB6F-58FF-4A73-A2F6-3DAD9E43CBC0}.Release|Any CPU.ActiveCfg = Release|Any CPU
		{91E7EB6F-58FF-4A73-A2F6-3DAD9E43CBC0}.Release|Any CPU.Build.0 = Release|Any CPU
	EndGlobalSection
	GlobalSection(SolutionProperties) = preSolution
		HideSolutionNode = FALSE
	EndGlobalSection
	GlobalSection(ExtensibilityGlobals) = postSolution
		SolutionGuid = {8BD96AB6-86EC-415D-8ECD-3892626E85B0}
	EndGlobalSection
EndGlobal
